
Microsoft Visual Studio Solution File, Format Version 12.00
# Visual Studio 15
VisualStudioVersion = 15.0.28307.329
MinimumVisualStudioVersion = 10.0.40219.1
Project("{FAE04EC0-301F-11D3-BF4B-00C04F79EFBC}") = "HolaMundo", "HolaMundo\HolaMundo.csproj", "{F3DDBA65-CD38-4183-BBFA-C8F3214C92ED}"
EndProject
Global
	GlobalSection(SolutionConfigurationPlatforms) = preSolution
		Debug|Any CPU = Debug|Any CPU
		Release|Any CPU = Release|Any CPU
	EndGlobalSection
	GlobalSection(ProjectConfigurationPlatforms) = postSolution
		{F3DDBA65-CD38-4183-BBFA-C8F3214C92ED}.Debug|Any CPU.ActiveCfg = Debug|Any CPU
		{F3DDBA65-CD38-4183-BBFA-C8F3214C92ED}.Debug|Any CPU.Build.0 = Debug|Any CPU
		{F3DDBA65-CD38-4183-BBFA-C8F3214C92ED}.Release|Any CPU.ActiveCfg = Release|Any CPU
		{F3DDBA65-CD38-4183-BBFA-C8F3214C92ED}.Release|Any CPU.Build.0 = Release|Any CPU
	EndGlobalSection
	GlobalSection(SolutionProperties) = preSolution
		HideSolutionNode = FALSE
	EndGlobalSection
	GlobalSection(ExtensibilityGlobals) = postSolution
		SolutionGuid = {077CC811-696E-40E8-AA7F-83B00E4A7066}
	EndGlobalSection
EndGlobal
