
Microsoft Visual Studio Solution File, Format Version 12.00
# Visual Studio 15
VisualStudioVersion = 15.0.28307.329
MinimumVisualStudioVersion = 10.0.40219.1
Project("{FAE04EC0-301F-11D3-BF4B-00C04F79EFBC}") = "IntroCSharp", "IntroCSharp\IntroCSharp.csproj", "{DCFB2949-DE00-4F7F-9760-A83E6FDCE440}"
EndProject
Global
	GlobalSection(SolutionConfigurationPlatforms) = preSolution
		Debug|Any CPU = Debug|Any CPU
		Release|Any CPU = Release|Any CPU
	EndGlobalSection
	GlobalSection(ProjectConfigurationPlatforms) = postSolution
		{DCFB2949-DE00-4F7F-9760-A83E6FDCE440}.Debug|Any CPU.ActiveCfg = Debug|Any CPU
		{DCFB2949-DE00-4F7F-9760-A83E6FDCE440}.Debug|Any CPU.Build.0 = Debug|Any CPU
		{DCFB2949-DE00-4F7F-9760-A83E6FDCE440}.Release|Any CPU.ActiveCfg = Release|Any CPU
		{DCFB2949-DE00-4F7F-9760-A83E6FDCE440}.Release|Any CPU.Build.0 = Release|Any CPU
	EndGlobalSection
	GlobalSection(SolutionProperties) = preSolution
		HideSolutionNode = FALSE
	EndGlobalSection
	GlobalSection(ExtensibilityGlobals) = postSolution
		SolutionGuid = {05B2F7C5-0718-4038-A4A9-464A6FF3F566}
	EndGlobalSection
EndGlobal
